{
  "name": "CSCI-4970-FA2022-Capstone-Team-7",
  "lockfileVersion": 2,
  "requires": true,
  "packages": {
    "": {
      "dependencies": {
        "pspdfkit": "^2022.4.3"
      }
    },
    "node_modules/pspdfkit": {
      "version": "2022.4.3",
      "resolved": "https://registry.npmjs.org/pspdfkit/-/pspdfkit-2022.4.3.tgz",
      "integrity": "sha512-hE28JnVTVWg6EIe5YJPJ1XeD9RFgaeAkitBmuAth1W/xR9XZv4/gbYutys/5eFoqyBBx/DmRvxcTeTFaEXziog=="
    }
  },
  "dependencies": {
    "pspdfkit": {
      "version": "2022.4.3",
      "resolved": "https://registry.npmjs.org/pspdfkit/-/pspdfkit-2022.4.3.tgz",
      "integrity": "sha512-hE28JnVTVWg6EIe5YJPJ1XeD9RFgaeAkitBmuAth1W/xR9XZv4/gbYutys/5eFoqyBBx/DmRvxcTeTFaEXziog=="
    }
  }
}
